# This file was autogenerated by Stack.
# You should not edit this file by hand.
# For more information, please see the documentation at:
#   https://docs.haskellstack.org/en/stable/lock_files

packages:
- completed:
    size: 116995
    subdir: chrome-test-utils
    url: https://github.com/reflex-frp/reflex-dom/archive/94c26076a71f229b5bd27128cf6fc0dbcba011ac.tar.gz
    cabal-file:
      size: 762
      sha256: cc2d82f993695ba61f4e07a594544e2d94af73a59032cf23bd96ad002069ca79
    name: chrome-test-utils
    version: '0.4'
    sha256: 68409e071024430d9b6b220a6e4b423a05bea71744378744659b1d78dab96a65
    pantry-tree:
      size: 253
      sha256: e7bfc825e0a0494be6a3e478e664840727b431f03fc86e099cc92b2e377e6bdb
  original:
    subdir: chrome-test-utils
    url: https://github.com/reflex-frp/reflex-dom/archive/94c26076a71f229b5bd27128cf6fc0dbcba011ac.tar.gz
- completed:
    size: 116995
    subdir: reflex-dom-core
    url: https://github.com/reflex-frp/reflex-dom/archive/94c26076a71f229b5bd27128cf6fc0dbcba011ac.tar.gz
    cabal-file:
      size: 6725
      sha256: aa0be1cc53722204e3c3ba11f7ee75a9de94960970886ee652203db03f04b9bf
    name: reflex-dom-core
    version: 0.5.3
    sha256: 68409e071024430d9b6b220a6e4b423a05bea71744378744659b1d78dab96a65
    pantry-tree:
      size: 2920
      sha256: f4341102219508a32e328a3e4cbae7d8f4a9f240781b1ab0f2361095e303bcee
  original:
    subdir: reflex-dom-core
    url: https://github.com/reflex-frp/reflex-dom/archive/94c26076a71f229b5bd27128cf6fc0dbcba011ac.tar.gz
- completed:
    size: 116995
    subdir: reflex-dom
    url: https://github.com/reflex-frp/reflex-dom/archive/94c26076a71f229b5bd27128cf6fc0dbcba011ac.tar.gz
    cabal-file:
      size: 4674
      sha256: 490ac2a707739b2e8d09c931d14b35dd1add9c73b62732671794ca890a8a7a87
    name: reflex-dom
    version: 0.5.3
    sha256: 68409e071024430d9b6b220a6e4b423a05bea71744378744659b1d78dab96a65
    pantry-tree:
      size: 807
      sha256: 02356c3d7e23ca5418806318b1fecf5f07d93f251a6c2dd1d6649f7fe81710e4
  original:
    subdir: reflex-dom
    url: https://github.com/reflex-frp/reflex-dom/archive/94c26076a71f229b5bd27128cf6fc0dbcba011ac.tar.gz
- completed:
    size: 152404
    url: https://github.com/reflex-frp/reflex/archive/4b04fc4f5aa474406e6f331de5d993154a3a4535.tar.gz
    cabal-file:
      size: 9234
      sha256: 8c70a01e93805d69563a4d18d976052d4e5e6f8e8fdc15beff940333dea4c486
    name: reflex
    version: 0.6.3
    sha256: e5e408e757c04ad91db0e7d5560445392436ca012917dbbf63c41e84a712f1ef
    pantry-tree:
      size: 5544
      sha256: 67e916ab6dad86ed684adbb05e9effde0d716aeb93426b6ad10d3dd0793780ab
  original:
    url: https://github.com/reflex-frp/reflex/archive/4b04fc4f5aa474406e6f331de5d993154a3a4535.tar.gz
- completed:
    size: 92016
    subdir: jsaddle-webkit2gtk
    url: https://github.com/ghcjs/jsaddle/archive/c2b9e3eb9ab4da855dcb684cca279b41c1c4d52e.tar.gz
    cabal-file:
      size: 1483
      sha256: 05efcc6f6c364f4c111a51379251ea2a4e531ed9103174278c296c6085d62249
    name: jsaddle-webkit2gtk
    version: 0.9.6.0
    sha256: b893b026f3960116f760138182c3026443d7d743ae4da2d1455f69b19369e28c
    pantry-tree:
      size: 249
      sha256: f1389fa10fb4bb6325248887ef9e5b97c409ee4de7a325ce2201e0219d14312c
  original:
    subdir: jsaddle-webkit2gtk
    url: https://github.com/ghcjs/jsaddle/archive/c2b9e3eb9ab4da855dcb684cca279b41c1c4d52e.tar.gz
- completed:
    hackage: bimap-0.3.3@sha256:232518c0410990665b9c8677eb9318ee355c001d58945ddcbedec3baa30b4160,1475
    pantry-tree:
      size: 414
      sha256: 5c7485014c2f342d215ace99cd06361f7607169aebe8d4aca2f265fa5c3c6761
  original:
    hackage: bimap-0.3.3@sha256:232518c0410990665b9c8677eb9318ee355c001d58945ddcbedec3baa30b4160,1475
- completed:
    hackage: constraints-extras-0.3.0.2@sha256:bf6884be65958e9188ae3c9e5547abfd6d201df021bff8a4704c2c4fe1e1ae5b,1784
    pantry-tree:
      size: 594
      sha256: b0bcc96d375ee11b1972a2e9e8e42039b3f420b0e1c46e9c70652470445a6505
  original:
    hackage: constraints-extras-0.3.0.2@sha256:bf6884be65958e9188ae3c9e5547abfd6d201df021bff8a4704c2c4fe1e1ae5b,1784
- completed:
    hackage: dependent-map-0.3@sha256:dc745864d5116bbd59ad29100faec74c79e681d35808547023619544c0e9f9b7,1574
    pantry-tree:
      size: 551
      sha256: 33ba69f91b54e7d64953b236d1de4ac31477b5b164f2990bfce308914006eac3
  original:
    hackage: dependent-map-0.3@sha256:dc745864d5116bbd59ad29100faec74c79e681d35808547023619544c0e9f9b7,1574
- completed:
    hackage: dependent-sum-0.6.2.0@sha256:bff37c85b38e768b942f9d81c2465b63a96076f1ba006e35612aa357770807b6,1856
    pantry-tree:
      size: 474
      sha256: ad3fbed5104f9ee9c8082c9dcc8ade847674e3053572533e8d26ad1a866f1107
  original:
    hackage: dependent-sum-0.6.2.0@sha256:bff37c85b38e768b942f9d81c2465b63a96076f1ba006e35612aa357770807b6,1856
- completed:
    hackage: dependent-sum-template-0.1.0.0@sha256:477de784b63b970d69d8de84753967c2dfd84224a958549c43c770802d18f0df,1605
    pantry-tree:
      size: 436
      sha256: c259c246cdbdbda782848610396c547a53abd7e8261fb9099a8cd2cc1d32b3e3
  original:
    hackage: dependent-sum-template-0.1.0.0@sha256:477de784b63b970d69d8de84753967c2dfd84224a958549c43c770802d18f0df,1605
- completed:
    hackage: ghcjs-dom-0.9.4.0@sha256:c2b3d25145e24b66a8a5078c0d750305b577aeff05957cf282d74f6e8d2424dd,32082
    pantry-tree:
      size: 357
      sha256: de76dd6924d6ad9124e836a0fa66a0338f585acbcbfbffd90e8357d1b6b8fbb4
  original:
    hackage: ghcjs-dom-0.9.4.0@sha256:c2b3d25145e24b66a8a5078c0d750305b577aeff05957cf282d74f6e8d2424dd,32082
- completed:
    hackage: gi-webkit2-4.0.25@sha256:9cba3e5fce1cc7e10b4bdd35fb5d3efb735e9c14e5ed7932ca036f71ded05e2c,10532
    pantry-tree:
      size: 366
      sha256: cc885045484e3565c1c8515d275796240851dcf5cbfc2560d950097525d927ec
  original:
    hackage: gi-webkit2-4.0.25@sha256:9cba3e5fce1cc7e10b4bdd35fb5d3efb735e9c14e5ed7932ca036f71ded05e2c,10532
- completed:
    hackage: jsaddle-0.9.6.0@sha256:03b3792794759587c69dd93c79a3f743e0b4032a3617c38f7841f8e16327e013,4379
    pantry-tree:
      size: 4329
      sha256: 85e8e47983eaf44959614ff6642f009709388590bf39c61090daf6497ed63c5f
  original:
    hackage: jsaddle-0.9.6.0@sha256:03b3792794759587c69dd93c79a3f743e0b4032a3617c38f7841f8e16327e013,4379
- completed:
    hackage: monoidal-containers-0.6@sha256:73067b83e50be95bedb79ab78f5d90c8530aaea7473d8b19f58aeba3ca4393cc,2566
    pantry-tree:
      size: 569
      sha256: eb7d8f55f5419e387c4bf24f962a8459ccb26f0095a15a8a420f2bfcfd1fdeb2
  original:
    hackage: monoidal-containers-0.6@sha256:73067b83e50be95bedb79ab78f5d90c8530aaea7473d8b19f58aeba3ca4393cc,2566
- completed:
    hackage: ref-tf-0.4.0.2@sha256:69de3550250e0cd69f45d080359cb314a9487c915024349c75b78732bbee9332,1134
    pantry-tree:
      size: 211
      sha256: fc5a4a35b4c782a33f452c1dc66ffa8ddbf321e2db369bd8823c796f0d4d8c7f
  original:
    hackage: ref-tf-0.4.0.2@sha256:69de3550250e0cd69f45d080359cb314a9487c915024349c75b78732bbee9332,1134
- completed:
    hackage: webkit2gtk3-javascriptcore-0.14.3.0@sha256:e1e410f39ca702d509856e20e113db0e1e8d79315328736084b6c5a93541e59a,2015
    pantry-tree:
      size: 814
      sha256: efd0dc796d6c4439ae9ccc817784d35d879afdd572aefecebeb668f10771563d
  original:
    hackage: webkit2gtk3-javascriptcore-0.14.3.0@sha256:e1e410f39ca702d509856e20e113db0e1e8d79315328736084b6c5a93541e59a,2015
- completed:
    hackage: witherable-0.3.1@sha256:ed3d5bc9eb1c08fa9704d9e143cdf622e1bd80b847cd5ede8c07da7bc7981ab9,1313
    pantry-tree:
      size: 271
      sha256: 7077f6c0e9e973af2c7f4429bcc3af6d345c19554c1335733faccec35d4c1708
  original:
    hackage: witherable-0.3.1@sha256:ed3d5bc9eb1c08fa9704d9e143cdf622e1bd80b847cd5ede8c07da7bc7981ab9,1313
- completed:
    hackage: zenc-0.1.1@sha256:e4be3e5e9fe1a1ade05910909c6e5b5a8eff72e697868b03955c9781b0443947,964
    pantry-tree:
      size: 206
      sha256: ac8bdc2a8c4b51c7bfa95802ecbab6879190787c870a9cbe0bfee220b3b2a7fe
  original:
    hackage: zenc-0.1.1@sha256:e4be3e5e9fe1a1ade05910909c6e5b5a8eff72e697868b03955c9781b0443947,964
- completed:
    hackage: ghcjs-dom-jsaddle-0.9.4.0@sha256:31ddfc5ebcbb4811b0c956fd5fcf106643012b46bb4e0bc2f15d09db1d116fbb,39525
    pantry-tree:
      size: 164
      sha256: 3f665a5e70fab961bf236e5c672f497901632785d403024d7bab1785444a0816
  original:
    hackage: ghcjs-dom-jsaddle-0.9.4.0@sha256:31ddfc5ebcbb4811b0c956fd5fcf106643012b46bb4e0bc2f15d09db1d116fbb,39525
- completed:
    hackage: gi-soup-2.4.22@sha256:ae2681cdb9470bf0f6026e76b53e96b661d9592a9227d99929e32df11871f8e2,8257
    pantry-tree:
      size: 358
      sha256: bec9bbcfbc4c9de19a1601391f54b6362075e8c6ab6aceb9b13b3ca73a5965e1
  original:
    hackage: gi-soup-2.4.22@sha256:ae2681cdb9470bf0f6026e76b53e96b661d9592a9227d99929e32df11871f8e2,8257
- completed:
    hackage: gtk2hs-buildtools-0.13.5.1@sha256:bba050d5035c6375d0adc04a9000a58689a1b32284753d408a1181697abfcc6b,5288
    pantry-tree:
      size: 3588
      sha256: 09a13b9e804058db49f33b1fa89dd8279795872fd814daf3f66c36b8a240c263
  original:
    hackage: gtk2hs-buildtools-0.13.5.1@sha256:bba050d5035c6375d0adc04a9000a58689a1b32284753d408a1181697abfcc6b,5288
- completed:
    hackage: jsaddle-dom-0.9.3.2@sha256:a50147c183fc3c44ae209ecbbf58bc99e3205aa87372d0635d56e775d9c2186e,75688
    pantry-tree:
      size: 48227
      sha256: 2aa625df7fba42afbe99245661f0b8c0f166d77ddfcca09d664ede406b291c3d
  original:
    hackage: jsaddle-dom-0.9.3.2@sha256:a50147c183fc3c44ae209ecbbf58bc99e3205aa87372d0635d56e775d9c2186e,75688
snapshots:
- completed:
    size: 524789
    url: https://raw.githubusercontent.com/commercialhaskell/stackage-snapshots/master/lts/14/18.yaml
    sha256: 646be71223e08234131c6989912e6011e01b9767bc447b6d466a35e14360bdf2
  original: lts-14.18
